{"1.2.0",
[{<<"datum">>,{pkg,<<"datum">>,<<"4.5.1">>},1},
 {<<"esq">>,{pkg,<<"esq">>,<<"2.0.4">>},0},
 {<<"goldrush">>,{pkg,<<"goldrush">>,<<"0.1.9">>},1},
 {<<"jsone">>,{pkg,<<"jsone">>,<<"1.5.2">>},0},
 {<<"lager">>,{pkg,<<"lager">>,<<"3.9.2">>},0},
 {<<"pipe">>,{pkg,<<"pipes">>,<<"2.0.1">>},1},
 {<<"uid">>,{pkg,<<"uid">>,<<"1.3.4">>},1}]}.
[
{pkg_hash,[
 {<<"datum">>, <<"66C163A7FFB7A773E884EB238402375D2E6609718C5C88AEF5809E410D494F08">>},
 {<<"esq">>, <<"F99165F53FA802E195B47119DFCD4CE5D1343F8220C1E55031004F5DE64B4017">>},
 {<<"goldrush">>, <<"F06E5D5F1277DA5C413E84D5A2924174182FB108DABB39D5EC548B27424CD106">>},
 {<<"jsone">>, <<"87ADEA283C9CF24767B4DEED44602989A5331156DF5D60A2660E9C9114D54046">>},
 {<<"lager">>, <<"4CAB289120EB24964E3886BD22323CB5FEFE4510C076992A23AD18CF85413D8C">>},
 {<<"pipe">>, <<"A2B56796C63690ED0E78BB77BB389AF250BD70AFA15A6869369DBDC11087D68F">>},
 {<<"uid">>, <<"42E30E22908E8E2FAA6227E9C261F1954CB540BE3C5A139E112369AE6CC451FC">>}]},
{pkg_hash_ext,[
 {<<"datum">>, <<"20DCF2084B00143B8D9EEC45EEF4C8D436E77FDC8B23208CA7BB82B3BD6A4DA4">>},
 {<<"esq">>, <<"E24606A09EE6BF57FD67A3372254CC0D4BC1AAE0C3C178BA78A9D76F091B846D">>},
 {<<"goldrush">>, <<"99CB4128CFFCB3227581E5D4D803D5413FA643F4EB96523F77D9E6937D994CEB">>},
 {<<"jsone">>, <<"170C171CE7F6DD70C858065154A3305B8564833C6DCCA17E10B676CA31EA976F">>},
 {<<"lager">>, <<"7F904D9E87A8CB7E66156ED31768D1C8E26EBA1D54F4BC85B1AA4AC1F6340C28">>},
 {<<"pipe">>, <<"623357A158E4C33EE589D4C735DDBAB9C77A04E85159192E4D42F1DC97C60BD9">>},
 {<<"uid">>, <<"F8388EF93B16A5D5F9977E1FE814AE0ACF5529B1E0EE5D7B18D23CB4C0F87EAA">>}]}
].
