{"1.2.0",
[{<<"datum">>,{pkg,<<"datum">>,<<"4.6.2">>},1},
 {<<"esq">>,{pkg,<<"esq">>,<<"2.0.7">>},0},
 {<<"jsone">>,{pkg,<<"jsone">>,<<"1.9.0">>},0},
 {<<"pipe">>,{pkg,<<"pipes">>,<<"2.0.2">>},1},
 {<<"uid">>,{pkg,<<"uid">>,<<"1.3.5">>},1}]}.
[
{pkg_hash,[
 {<<"datum">>, <<"C33BEDFCCD0D4DA4DDFEA06E49926061310730D56E360F55C218F0B98491F561">>},
 {<<"esq">>, <<"B2289B4566CDD8DE021248A21310F61DA238A1C4ED7A4EF712B8F86AE9E5E787">>},
 {<<"jsone">>, <<"2242DC76859DB74E27AE6B6209BBF4F03651B8EDDB53FA8002A931D35953E9B6">>},
 {<<"pipe">>, <<"0038479ADCDCE3C551E4AFD8496390ADF8A125703CE85AF008EC036FFD505F98">>},
 {<<"uid">>, <<"F66DF05995D01824BCF857750F081EC2DB4F5187C61FDF1F6B2EC49CEAE44162">>}]},
{pkg_hash_ext,[
 {<<"datum">>, <<"8F18C3C87856038820CE3033DC70C55521410FFD46B22B83987E43DAF9116A53">>},
 {<<"esq">>, <<"E1FFC6F68F8B21F324B0B244786A4B346BD1DA0D5BDE5FDBF36A9D8F11C81188">>},
 {<<"jsone">>, <<"6863DCF95A7FC26094EAAFF0D72522D58FE22719B4758AFB75A21735BC92646D">>},
 {<<"pipe">>, <<"A4C823A6B082E4752DBD1F27A7F4FE17E64E9A72730DE84A947F72C36516D7F7">>},
 {<<"uid">>, <<"E3BFA76E509C151D007FB7710B07205129A0394A5BBEF00718A345EAD9C797CA">>}]}
].
