{"1.2.0",
[{<<"datum">>,{pkg,<<"datum">>,<<"4.6.1">>},1},
 {<<"esq">>,{pkg,<<"esq">>,<<"2.0.6">>},0},
 {<<"jsone">>,{pkg,<<"jsone">>,<<"1.8.1">>},0},
 {<<"pipe">>,{pkg,<<"pipes">>,<<"2.0.1">>},1},
 {<<"uid">>,{pkg,<<"uid">>,<<"1.3.4">>},1}]}.
[
{pkg_hash,[
 {<<"datum">>, <<"93B131203A60CFEA9FFFF6435A50DC24239F689DFEBB76E6AECF6CE689EFE8F4">>},
 {<<"esq">>, <<"9917E1A731C609B42624A4BB8594A25D537EA30E7B55D46CD46FA1B95E6DB675">>},
 {<<"jsone">>, <<"6BC74D3863D55D420077346DA97C601711017A057F2FD1DF65D6D65DD562FBAB">>},
 {<<"pipe">>, <<"A2B56796C63690ED0E78BB77BB389AF250BD70AFA15A6869369DBDC11087D68F">>},
 {<<"uid">>, <<"42E30E22908E8E2FAA6227E9C261F1954CB540BE3C5A139E112369AE6CC451FC">>}]},
{pkg_hash_ext,[
 {<<"datum">>, <<"E14340F8280FEDB1731D5CD6E9F5AEAA14B880C51F0B3DC16C42C6671C167E4D">>},
 {<<"esq">>, <<"3B798DA50C508FE93248DBBD64D3D2CB618CAB5387E66515AB83CADF2B1ABAC1">>},
 {<<"jsone">>, <<"C78918124148C51A7A84C678E39BBC6281F8CB582F1D88584628A98468E99738">>},
 {<<"pipe">>, <<"623357A158E4C33EE589D4C735DDBAB9C77A04E85159192E4D42F1DC97C60BD9">>},
 {<<"uid">>, <<"F8388EF93B16A5D5F9977E1FE814AE0ACF5529B1E0EE5D7B18D23CB4C0F87EAA">>}]}
].
